// !$*UTF8*$!
{
	archiveVersion = 1;
	classes = {
	};
	objectVersion = 56;
	objects = {

/* Begin PBXBuildFile section */
		05197AB5298C4239009B7B1A /* CryptoFeedApp.swift in Sources */ = {isa = PBXBuildFile; fileRef = 05197AB4298C4239009B7B1A /* CryptoFeedApp.swift */; };
		05197AB7298C4239009B7B1A /* ContentView.swift in Sources */ = {isa = PBXBuildFile; fileRef = 05197AB6298C4239009B7B1A /* ContentView.swift */; };
		05197AB9298C423B009B7B1A /* Assets.xcassets in Resources */ = {isa = PBXBuildFile; fileRef = 05197AB8298C423B009B7B1A /* Assets.xcassets */; };
		05197ABC298C423B009B7B1A /* Preview Assets.xcassets in Resources */ = {isa = PBXBuildFile; fileRef = 05197ABB298C423B009B7B1A /* Preview Assets.xcassets */; };
		05197AC4298C4E7B009B7B1A /* CryptoRow.swift in Sources */ = {isa = PBXBuildFile; fileRef = 05197AC3298C4E7B009B7B1A /* CryptoRow.swift */; };
		05197AC6298C502D009B7B1A /* CryptoCard.swift in Sources */ = {isa = PBXBuildFile; fileRef = 05197AC5298C502D009B7B1A /* CryptoCard.swift */; };
		05197AC9298D47C8009B7B1A /* CoinModel.swift in Sources */ = {isa = PBXBuildFile; fileRef = 05197AC8298D47C8009B7B1A /* CoinModel.swift */; };
		05197ACB298D4F4B009B7B1A /* CryptoModel.swift in Sources */ = {isa = PBXBuildFile; fileRef = 05197ACA298D4F4B009B7B1A /* CryptoModel.swift */; };
		05197ACD298D7000009B7B1A /* ImageFromUrl.swift in Sources */ = {isa = PBXBuildFile; fileRef = 05197ACC298D7000009B7B1A /* ImageFromUrl.swift */; };
		05197ACF298EB322009B7B1A /* ProfilView.swift in Sources */ = {isa = PBXBuildFile; fileRef = 05197ACE298EB322009B7B1A /* ProfilView.swift */; };
		05197AD1298F1F7B009B7B1A /* UserModel.swift in Sources */ = {isa = PBXBuildFile; fileRef = 05197AD0298F1F7B009B7B1A /* UserModel.swift */; };
		0526363129979E8F00FDF4D3 /* CryptoSingleView.swift in Sources */ = {isa = PBXBuildFile; fileRef = 0526363029979E8F00FDF4D3 /* CryptoSingleView.swift */; };
		052636332997E91000FDF4D3 /* CryptoLiveView.swift in Sources */ = {isa = PBXBuildFile; fileRef = 052636322997E91000FDF4D3 /* CryptoLiveView.swift */; };
		052636352999984E00FDF4D3 /* cryptoFeed-Info.plist in Resources */ = {isa = PBXBuildFile; fileRef = 052636342999984E00FDF4D3 /* cryptoFeed-Info.plist */; };
		05263637299998EC00FDF4D3 /* PlistManager.swift in Sources */ = {isa = PBXBuildFile; fileRef = 05263636299998EC00FDF4D3 /* PlistManager.swift */; };
		0526363C299D97A100FDF4D3 /* HStackCryptoInfo.swift in Sources */ = {isa = PBXBuildFile; fileRef = 0526363B299D97A100FDF4D3 /* HStackCryptoInfo.swift */; };
		0526363E299D987200FDF4D3 /* CreateAccountView.swift in Sources */ = {isa = PBXBuildFile; fileRef = 0526363D299D987200FDF4D3 /* CreateAccountView.swift */; };
		05263640299D98D200FDF4D3 /* ConnectionView.swift in Sources */ = {isa = PBXBuildFile; fileRef = 0526363F299D98D200FDF4D3 /* ConnectionView.swift */; };
		05263642299D98FD00FDF4D3 /* ConnectedUserView.swift in Sources */ = {isa = PBXBuildFile; fileRef = 05263641299D98FD00FDF4D3 /* ConnectedUserView.swift */; };
		05263644299D99AD00FDF4D3 /* SecureFieldComponent.swift in Sources */ = {isa = PBXBuildFile; fileRef = 05263643299D99AD00FDF4D3 /* SecureFieldComponent.swift */; };
		05263646299D9A2D00FDF4D3 /* TexFieldComponent.swift in Sources */ = {isa = PBXBuildFile; fileRef = 05263645299D9A2D00FDF4D3 /* TexFieldComponent.swift */; };
		05C340DA299706B300D25D5B /* FavoritesView.swift in Sources */ = {isa = PBXBuildFile; fileRef = 05C340D9299706B200D25D5B /* FavoritesView.swift */; };
/* End PBXBuildFile section */

/* Begin PBXFileReference section */
		05197AB1298C4239009B7B1A /* CryptoFeed.app */ = {isa = PBXFileReference; explicitFileType = wrapper.application; includeInIndex = 0; path = CryptoFeed.app; sourceTree = BUILT_PRODUCTS_DIR; };
		05197AB4298C4239009B7B1A /* CryptoFeedApp.swift */ = {isa = PBXFileReference; lastKnownFileType = sourcecode.swift; path = CryptoFeedApp.swift; sourceTree = "<group>"; };
		05197AB6298C4239009B7B1A /* ContentView.swift */ = {isa = PBXFileReference; lastKnownFileType = sourcecode.swift; path = ContentView.swift; sourceTree = "<group>"; };
		05197AB8298C423B009B7B1A /* Assets.xcassets */ = {isa = PBXFileReference; lastKnownFileType = folder.assetcatalog; path = Assets.xcassets; sourceTree = "<group>"; };
		05197ABB298C423B009B7B1A /* Preview Assets.xcassets */ = {isa = PBXFileReference; lastKnownFileType = folder.assetcatalog; path = "Preview Assets.xcassets"; sourceTree = "<group>"; };
		05197AC3298C4E7B009B7B1A /* CryptoRow.swift */ = {isa = PBXFileReference; lastKnownFileType = sourcecode.swift; path = CryptoRow.swift; sourceTree = "<group>"; };
		05197AC5298C502D009B7B1A /* CryptoCard.swift */ = {isa = PBXFileReference; lastKnownFileType = sourcecode.swift; path = CryptoCard.swift; sourceTree = "<group>"; };
		05197AC8298D47C8009B7B1A /* CoinModel.swift */ = {isa = PBXFileReference; lastKnownFileType = sourcecode.swift; path = CoinModel.swift; sourceTree = "<group>"; };
		05197ACA298D4F4B009B7B1A /* CryptoModel.swift */ = {isa = PBXFileReference; lastKnownFileType = sourcecode.swift; path = CryptoModel.swift; sourceTree = "<group>"; };
		05197ACC298D7000009B7B1A /* ImageFromUrl.swift */ = {isa = PBXFileReference; lastKnownFileType = sourcecode.swift; path = ImageFromUrl.swift; sourceTree = "<group>"; };
		05197ACE298EB322009B7B1A /* ProfilView.swift */ = {isa = PBXFileReference; lastKnownFileType = sourcecode.swift; path = ProfilView.swift; sourceTree = "<group>"; };
		05197AD0298F1F7B009B7B1A /* UserModel.swift */ = {isa = PBXFileReference; lastKnownFileType = sourcecode.swift; path = UserModel.swift; sourceTree = "<group>"; };
		0526363029979E8F00FDF4D3 /* CryptoSingleView.swift */ = {isa = PBXFileReference; lastKnownFileType = sourcecode.swift; path = CryptoSingleView.swift; sourceTree = "<group>"; };
		052636322997E91000FDF4D3 /* CryptoLiveView.swift */ = {isa = PBXFileReference; lastKnownFileType = sourcecode.swift; path = CryptoLiveView.swift; sourceTree = "<group>"; };
		052636342999984E00FDF4D3 /* cryptoFeed-Info.plist */ = {isa = PBXFileReference; lastKnownFileType = text.plist.xml; path = "cryptoFeed-Info.plist"; sourceTree = "<group>"; };
		05263636299998EC00FDF4D3 /* PlistManager.swift */ = {isa = PBXFileReference; lastKnownFileType = sourcecode.swift; path = PlistManager.swift; sourceTree = "<group>"; };
		0526363829999B4D00FDF4D3 /* CryptoFeed.entitlements */ = {isa = PBXFileReference; lastKnownFileType = text.plist.entitlements; path = CryptoFeed.entitlements; sourceTree = "<group>"; };
		0526363929999BB200FDF4D3 /* Info.plist */ = {isa = PBXFileReference; lastKnownFileType = text.plist; path = Info.plist; sourceTree = "<group>"; };
		0526363B299D97A100FDF4D3 /* HStackCryptoInfo.swift */ = {isa = PBXFileReference; lastKnownFileType = sourcecode.swift; path = HStackCryptoInfo.swift; sourceTree = "<group>"; };
		0526363D299D987200FDF4D3 /* CreateAccountView.swift */ = {isa = PBXFileReference; lastKnownFileType = sourcecode.swift; path = CreateAccountView.swift; sourceTree = "<group>"; };
		0526363F299D98D200FDF4D3 /* ConnectionView.swift */ = {isa = PBXFileReference; lastKnownFileType = sourcecode.swift; path = ConnectionView.swift; sourceTree = "<group>"; };
		05263641299D98FD00FDF4D3 /* ConnectedUserView.swift */ = {isa = PBXFileReference; lastKnownFileType = sourcecode.swift; path = ConnectedUserView.swift; sourceTree = "<group>"; };
		05263643299D99AD00FDF4D3 /* SecureFieldComponent.swift */ = {isa = PBXFileReference; lastKnownFileType = sourcecode.swift; path = SecureFieldComponent.swift; sourceTree = "<group>"; };
		05263645299D9A2D00FDF4D3 /* TexFieldComponent.swift */ = {isa = PBXFileReference; lastKnownFileType = sourcecode.swift; path = TexFieldComponent.swift; sourceTree = "<group>"; };
		05C340D9299706B200D25D5B /* FavoritesView.swift */ = {isa = PBXFileReference; lastKnownFileType = sourcecode.swift; path = FavoritesView.swift; sourceTree = "<group>"; };
/* End PBXFileReference section */

/* Begin PBXFrameworksBuildPhase section */
		05197AAE298C4239009B7B1A /* Frameworks */ = {
			isa = PBXFrameworksBuildPhase;
			buildActionMask = 2147483647;
			files = (
			);
			runOnlyForDeploymentPostprocessing = 0;
		};
/* End PBXFrameworksBuildPhase section */

/* Begin PBXGroup section */
		05197AA8298C4239009B7B1A = {
			isa = PBXGroup;
			children = (
				05197AB3298C4239009B7B1A /* CryptoFeed */,
				05197AB2298C4239009B7B1A /* Products */,
			);
			sourceTree = "<group>";
		};
		05197AB2298C4239009B7B1A /* Products */ = {
			isa = PBXGroup;
			children = (
				05197AB1298C4239009B7B1A /* CryptoFeed.app */,
			);
			name = Products;
			sourceTree = "<group>";
		};
		05197AB3298C4239009B7B1A /* CryptoFeed */ = {
			isa = PBXGroup;
			children = (
				0526363A299D975000FDF4D3 /* View */,
				0526363929999BB200FDF4D3 /* Info.plist */,
				0526363829999B4D00FDF4D3 /* CryptoFeed.entitlements */,
				05197AC7298D47AF009B7B1A /* Model */,
				05197AC2298C4E4D009B7B1A /* Component */,
				05197AB4298C4239009B7B1A /* CryptoFeedApp.swift */,
				05197AB6298C4239009B7B1A /* ContentView.swift */,
				05197AB8298C423B009B7B1A /* Assets.xcassets */,
				05197ABA298C423B009B7B1A /* Preview Content */,
				052636342999984E00FDF4D3 /* cryptoFeed-Info.plist */,
				05263636299998EC00FDF4D3 /* PlistManager.swift */,
			);
			path = CryptoFeed;
			sourceTree = "<group>";
		};
		05197ABA298C423B009B7B1A /* Preview Content */ = {
			isa = PBXGroup;
			children = (
				05197ABB298C423B009B7B1A /* Preview Assets.xcassets */,
			);
			path = "Preview Content";
			sourceTree = "<group>";
		};
		05197AC2298C4E4D009B7B1A /* Component */ = {
			isa = PBXGroup;
			children = (
				05197AC3298C4E7B009B7B1A /* CryptoRow.swift */,
				05197AC5298C502D009B7B1A /* CryptoCard.swift */,
				05197ACC298D7000009B7B1A /* ImageFromUrl.swift */,
				0526363B299D97A100FDF4D3 /* HStackCryptoInfo.swift */,
				05263643299D99AD00FDF4D3 /* SecureFieldComponent.swift */,
				05263645299D9A2D00FDF4D3 /* TexFieldComponent.swift */,
			);
			path = Component;
			sourceTree = "<group>";
		};
		05197AC7298D47AF009B7B1A /* Model */ = {
			isa = PBXGroup;
			children = (
				05197AC8298D47C8009B7B1A /* CoinModel.swift */,
				05197ACA298D4F4B009B7B1A /* CryptoModel.swift */,
				05197AD0298F1F7B009B7B1A /* UserModel.swift */,
			);
			path = Model;
			sourceTree = "<group>";
		};
		0526363A299D975000FDF4D3 /* View */ = {
			isa = PBXGroup;
			children = (
				05C340D9299706B200D25D5B /* FavoritesView.swift */,
				0526363029979E8F00FDF4D3 /* CryptoSingleView.swift */,
				052636322997E91000FDF4D3 /* CryptoLiveView.swift */,
				05197ACE298EB322009B7B1A /* ProfilView.swift */,
				0526363D299D987200FDF4D3 /* CreateAccountView.swift */,
				0526363F299D98D200FDF4D3 /* ConnectionView.swift */,
				05263641299D98FD00FDF4D3 /* ConnectedUserView.swift */,
			);
			path = View;
			sourceTree = "<group>";
		};
/* End PBXGroup section */

/* Begin PBXNativeTarget section */
		05197AB0298C4239009B7B1A /* CryptoFeed */ = {
			isa = PBXNativeTarget;
			buildConfigurationList = 05197ABF298C423B009B7B1A /* Build configuration list for PBXNativeTarget "CryptoFeed" */;
			buildPhases = (
				05197AAD298C4239009B7B1A /* Sources */,
				05197AAE298C4239009B7B1A /* Frameworks */,
				05197AAF298C4239009B7B1A /* Resources */,
			);
			buildRules = (
			);
			dependencies = (
			);
			name = CryptoFeed;
			productName = CryptoFeed;
			productReference = 05197AB1298C4239009B7B1A /* CryptoFeed.app */;
			productType = "com.apple.product-type.application";
		};
/* End PBXNativeTarget section */

/* Begin PBXProject section */
		05197AA9298C4239009B7B1A /* Project object */ = {
			isa = PBXProject;
			attributes = {
				BuildIndependentTargetsInParallel = 1;
				LastSwiftUpdateCheck = 1400;
				LastUpgradeCheck = 1400;
				TargetAttributes = {
					05197AB0298C4239009B7B1A = {
						CreatedOnToolsVersion = 14.0;
					};
				};
			};
			buildConfigurationList = 05197AAC298C4239009B7B1A /* Build configuration list for PBXProject "CryptoFeed" */;
			compatibilityVersion = "Xcode 14.0";
			developmentRegion = en;
			hasScannedForEncodings = 0;
			knownRegions = (
				en,
				Base,
			);
			mainGroup = 05197AA8298C4239009B7B1A;
			productRefGroup = 05197AB2298C4239009B7B1A /* Products */;
			projectDirPath = "";
			projectRoot = "";
			targets = (
				05197AB0298C4239009B7B1A /* CryptoFeed */,
			);
		};
/* End PBXProject section */

/* Begin PBXResourcesBuildPhase section */
		05197AAF298C4239009B7B1A /* Resources */ = {
			isa = PBXResourcesBuildPhase;
			buildActionMask = 2147483647;
			files = (
				05197ABC298C423B009B7B1A /* Preview Assets.xcassets in Resources */,
				05197AB9298C423B009B7B1A /* Assets.xcassets in Resources */,
				052636352999984E00FDF4D3 /* cryptoFeed-Info.plist in Resources */,
			);
			runOnlyForDeploymentPostprocessing = 0;
		};
/* End PBXResourcesBuildPhase section */

/* Begin PBXSourcesBuildPhase section */
		05197AAD298C4239009B7B1A /* Sources */ = {
			isa = PBXSourcesBuildPhase;
			buildActionMask = 2147483647;
			files = (
				0526363C299D97A100FDF4D3 /* HStackCryptoInfo.swift in Sources */,
				05C340DA299706B300D25D5B /* FavoritesView.swift in Sources */,
				05197ACD298D7000009B7B1A /* ImageFromUrl.swift in Sources */,
				0526363129979E8F00FDF4D3 /* CryptoSingleView.swift in Sources */,
				05197ACB298D4F4B009B7B1A /* CryptoModel.swift in Sources */,
				05197ACF298EB322009B7B1A /* ProfilView.swift in Sources */,
				05197AC9298D47C8009B7B1A /* CoinModel.swift in Sources */,
				05263646299D9A2D00FDF4D3 /* TexFieldComponent.swift in Sources */,
				05263644299D99AD00FDF4D3 /* SecureFieldComponent.swift in Sources */,
				05197AB7298C4239009B7B1A /* ContentView.swift in Sources */,
				052636332997E91000FDF4D3 /* CryptoLiveView.swift in Sources */,
				0526363E299D987200FDF4D3 /* CreateAccountView.swift in Sources */,
				05263640299D98D200FDF4D3 /* ConnectionView.swift in Sources */,
				05197AB5298C4239009B7B1A /* CryptoFeedApp.swift in Sources */,
				05197AC6298C502D009B7B1A /* CryptoCard.swift in Sources */,
				05197AD1298F1F7B009B7B1A /* UserModel.swift in Sources */,
				05197AC4298C4E7B009B7B1A /* CryptoRow.swift in Sources */,
				05263637299998EC00FDF4D3 /* PlistManager.swift in Sources */,
				05263642299D98FD00FDF4D3 /* ConnectedUserView.swift in Sources */,
			);
			runOnlyForDeploymentPostprocessing = 0;
		};
/* End PBXSourcesBuildPhase section */

/* Begin XCBuildConfiguration section */
		05197ABD298C423B009B7B1A /* Debug */ = {
			isa = XCBuildConfiguration;
			buildSettings = {
				ALWAYS_SEARCH_USER_PATHS = NO;
				CLANG_ANALYZER_NONNULL = YES;
				CLANG_ANALYZER_NUMBER_OBJECT_CONVERSION = YES_AGGRESSIVE;
				CLANG_CXX_LANGUAGE_STANDARD = "gnu++20";
				CLANG_ENABLE_MODULES = YES;
				CLANG_ENABLE_OBJC_ARC = YES;
				CLANG_ENABLE_OBJC_WEAK = YES;
				CLANG_WARN_BLOCK_CAPTURE_AUTORELEASING = YES;
				CLANG_WARN_BOOL_CONVERSION = YES;
				CLANG_WARN_COMMA = YES;
				CLANG_WARN_CONSTANT_CONVERSION = YES;
				CLANG_WARN_DEPRECATED_OBJC_IMPLEMENTATIONS = YES;
				CLANG_WARN_DIRECT_OBJC_ISA_USAGE = YES_ERROR;
				CLANG_WARN_DOCUMENTATION_COMMENTS = YES;
				CLANG_WARN_EMPTY_BODY = YES;
				CLANG_WARN_ENUM_CONVERSION = YES;
				CLANG_WARN_INFINITE_RECURSION = YES;
				CLANG_WARN_INT_CONVERSION = YES;
				CLANG_WARN_NON_LITERAL_NULL_CONVERSION = YES;
				CLANG_WARN_OBJC_IMPLICIT_RETAIN_SELF = YES;
				CLANG_WARN_OBJC_LITERAL_CONVERSION = YES;
				CLANG_WARN_OBJC_ROOT_CLASS = YES_ERROR;
				CLANG_WARN_QUOTED_INCLUDE_IN_FRAMEWORK_HEADER = YES;
				CLANG_WARN_RANGE_LOOP_ANALYSIS = YES;
				CLANG_WARN_STRICT_PROTOTYPES = YES;
				CLANG_WARN_SUSPICIOUS_MOVE = YES;
				CLANG_WARN_UNGUARDED_AVAILABILITY = YES_AGGRESSIVE;
				CLANG_WARN_UNREACHABLE_CODE = YES;
				CLANG_WARN__DUPLICATE_METHOD_MATCH = YES;
				COPY_PHASE_STRIP = NO;
				DEBUG_INFORMATION_FORMAT = dwarf;
				ENABLE_STRICT_OBJC_MSGSEND = YES;
				ENABLE_TESTABILITY = YES;
				GCC_C_LANGUAGE_STANDARD = gnu11;
				GCC_DYNAMIC_NO_PIC = NO;
				GCC_NO_COMMON_BLOCKS = YES;
				GCC_OPTIMIZATION_LEVEL = 0;
				GCC_PREPROCESSOR_DEFINITIONS = (
					"DEBUG=1",
					"$(inherited)",
				);
				GCC_WARN_64_TO_32_BIT_CONVERSION = YES;
				GCC_WARN_ABOUT_RETURN_TYPE = YES_ERROR;
				GCC_WARN_UNDECLARED_SELECTOR = YES;
				GCC_WARN_UNINITIALIZED_AUTOS = YES_AGGRESSIVE;
				GCC_WARN_UNUSED_FUNCTION = YES;
				GCC_WARN_UNUSED_VARIABLE = YES;
				IPHONEOS_DEPLOYMENT_TARGET = 16.0;
				MTL_ENABLE_DEBUG_INFO = INCLUDE_SOURCE;
				MTL_FAST_MATH = YES;
				ONLY_ACTIVE_ARCH = YES;
				SDKROOT = iphoneos;
				SWIFT_ACTIVE_COMPILATION_CONDITIONS = DEBUG;
				SWIFT_OPTIMIZATION_LEVEL = "-Onone";
			};
			name = Debug;
		};
		05197ABE298C423B009B7B1A /* Release */ = {
			isa = XCBuildConfiguration;
			buildSettings = {
				ALWAYS_SEARCH_USER_PATHS = NO;
				CLANG_ANALYZER_NONNULL = YES;
				CLANG_ANALYZER_NUMBER_OBJECT_CONVERSION = YES_AGGRESSIVE;
				CLANG_CXX_LANGUAGE_STANDARD = "gnu++20";
				CLANG_ENABLE_MODULES = YES;
				CLANG_ENABLE_OBJC_ARC = YES;
				CLANG_ENABLE_OBJC_WEAK = YES;
				CLANG_WARN_BLOCK_CAPTURE_AUTORELEASING = YES;
				CLANG_WARN_BOOL_CONVERSION = YES;
				CLANG_WARN_COMMA = YES;
				CLANG_WARN_CONSTANT_CONVERSION = YES;
				CLANG_WARN_DEPRECATED_OBJC_IMPLEMENTATIONS = YES;
				CLANG_WARN_DIRECT_OBJC_ISA_USAGE = YES_ERROR;
				CLANG_WARN_DOCUMENTATION_COMMENTS = YES;
				CLANG_WARN_EMPTY_BODY = YES;
				CLANG_WARN_ENUM_CONVERSION = YES;
				CLANG_WARN_INFINITE_RECURSION = YES;
				CLANG_WARN_INT_CONVERSION = YES;
				CLANG_WARN_NON_LITERAL_NULL_CONVERSION = YES;
				CLANG_WARN_OBJC_IMPLICIT_RETAIN_SELF = YES;
				CLANG_WARN_OBJC_LITERAL_CONVERSION = YES;
				CLANG_WARN_OBJC_ROOT_CLASS = YES_ERROR;
				CLANG_WARN_QUOTED_INCLUDE_IN_FRAMEWORK_HEADER = YES;
				CLANG_WARN_RANGE_LOOP_ANALYSIS = YES;
				CLANG_WARN_STRICT_PROTOTYPES = YES;
				CLANG_WARN_SUSPICIOUS_MOVE = YES;
				CLANG_WARN_UNGUARDED_AVAILABILITY = YES_AGGRESSIVE;
				CLANG_WARN_UNREACHABLE_CODE = YES;
				CLANG_WARN__DUPLICATE_METHOD_MATCH = YES;
				COPY_PHASE_STRIP = NO;
				DEBUG_INFORMATION_FORMAT = "dwarf-with-dsym";
				ENABLE_NS_ASSERTIONS = NO;
				ENABLE_STRICT_OBJC_MSGSEND = YES;
				GCC_C_LANGUAGE_STANDARD = gnu11;
				GCC_NO_COMMON_BLOCKS = YES;
				GCC_WARN_64_TO_32_BIT_CONVERSION = YES;
				GCC_WARN_ABOUT_RETURN_TYPE = YES_ERROR;
				GCC_WARN_UNDECLARED_SELECTOR = YES;
				GCC_WARN_UNINITIALIZED_AUTOS = YES_AGGRESSIVE;
				GCC_WARN_UNUSED_FUNCTION = YES;
				GCC_WARN_UNUSED_VARIABLE = YES;
				IPHONEOS_DEPLOYMENT_TARGET = 16.0;
				MTL_ENABLE_DEBUG_INFO = NO;
				MTL_FAST_MATH = YES;
				SDKROOT = iphoneos;
				SWIFT_COMPILATION_MODE = wholemodule;
				SWIFT_OPTIMIZATION_LEVEL = "-O";
				VALIDATE_PRODUCT = YES;
			};
			name = Release;
		};
		05197AC0298C423B009B7B1A /* Debug */ = {
			isa = XCBuildConfiguration;
			buildSettings = {
				ASSETCATALOG_COMPILER_APPICON_NAME = AppIcon;
				ASSETCATALOG_COMPILER_GLOBAL_ACCENT_COLOR_NAME = AccentColor;
				CODE_SIGN_ENTITLEMENTS = CryptoFeed/CryptoFeed.entitlements;
				CODE_SIGN_STYLE = Automatic;
				CURRENT_PROJECT_VERSION = 1;
				DEVELOPMENT_ASSET_PATHS = "\"CryptoFeed/Preview Content\"";
				DEVELOPMENT_TEAM = HM9EJMMX54;
				ENABLE_PREVIEWS = YES;
				GENERATE_INFOPLIST_FILE = YES;
				INFOPLIST_FILE = CryptoFeed/Info.plist;
				INFOPLIST_KEY_UIApplicationSceneManifest_Generation = YES;
				INFOPLIST_KEY_UIApplicationSupportsIndirectInputEvents = YES;
				INFOPLIST_KEY_UILaunchScreen_Generation = YES;
				INFOPLIST_KEY_UISupportedInterfaceOrientations_iPad = "UIInterfaceOrientationPortrait UIInterfaceOrientationPortraitUpsideDown UIInterfaceOrientationLandscapeLeft UIInterfaceOrientationLandscapeRight";
				INFOPLIST_KEY_UISupportedInterfaceOrientations_iPhone = "UIInterfaceOrientationPortrait UIInterfaceOrientationLandscapeLeft UIInterfaceOrientationLandscapeRight";
				LD_RUNPATH_SEARCH_PATHS = (
					"$(inherited)",
					"@executable_path/Frameworks",
				);
				MARKETING_VERSION = 1.0;
				PRODUCT_BUNDLE_IDENTIFIER = ThomasRavens.CryptoFeed;
				PRODUCT_NAME = "$(TARGET_NAME)";
				SWIFT_EMIT_LOC_STRINGS = YES;
				SWIFT_VERSION = 5.0;
				TARGETED_DEVICE_FAMILY = "1,2";
			};
			name = Debug;
		};
		05197AC1298C423B009B7B1A /* Release */ = {
			isa = XCBuildConfiguration;
			buildSettings = {
				ASSETCATALOG_COMPILER_APPICON_NAME = AppIcon;
				ASSETCATALOG_COMPILER_GLOBAL_ACCENT_COLOR_NAME = AccentColor;
				CODE_SIGN_ENTITLEMENTS = CryptoFeed/CryptoFeed.entitlements;
				CODE_SIGN_STYLE = Automatic;
				CURRENT_PROJECT_VERSION = 1;
				DEVELOPMENT_ASSET_PATHS = "\"CryptoFeed/Preview Content\"";
				DEVELOPMENT_TEAM = HM9EJMMX54;
				ENABLE_PREVIEWS = YES;
				GENERATE_INFOPLIST_FILE = YES;
				INFOPLIST_FILE = CryptoFeed/Info.plist;
				INFOPLIST_KEY_UIApplicationSceneManifest_Generation = YES;
				INFOPLIST_KEY_UIApplicationSupportsIndirectInputEvents = YES;
				INFOPLIST_KEY_UILaunchScreen_Generation = YES;
				INFOPLIST_KEY_UISupportedInterfaceOrientations_iPad = "UIInterfaceOrientationPortrait UIInterfaceOrientationPortraitUpsideDown UIInterfaceOrientationLandscapeLeft UIInterfaceOrientationLandscapeRight";
				INFOPLIST_KEY_UISupportedInterfaceOrientations_iPhone = "UIInterfaceOrientationPortrait UIInterfaceOrientationLandscapeLeft UIInterfaceOrientationLandscapeRight";
				LD_RUNPATH_SEARCH_PATHS = (
					"$(inherited)",
					"@executable_path/Frameworks",
				);
				MARKETING_VERSION = 1.0;
				PRODUCT_BUNDLE_IDENTIFIER = ThomasRavens.CryptoFeed;
				PRODUCT_NAME = "$(TARGET_NAME)";
				SWIFT_EMIT_LOC_STRINGS = YES;
				SWIFT_VERSION = 5.0;
				TARGETED_DEVICE_FAMILY = "1,2";
			};
			name = Release;
		};
/* End XCBuildConfiguration section */

/* Begin XCConfigurationList section */
		05197AAC298C4239009B7B1A /* Build configuration list for PBXProject "CryptoFeed" */ = {
			isa = XCConfigurationList;
			buildConfigurations = (
				05197ABD298C423B009B7B1A /* Debug */,
				05197ABE298C423B009B7B1A /* Release */,
			);
			defaultConfigurationIsVisible = 0;
			defaultConfigurationName = Release;
		};
		05197ABF298C423B009B7B1A /* Build configuration list for PBXNativeTarget "CryptoFeed" */ = {
			isa = XCConfigurationList;
			buildConfigurations = (
				05197AC0298C423B009B7B1A /* Debug */,
				05197AC1298C423B009B7B1A /* Release */,
			);
			defaultConfigurationIsVisible = 0;
			defaultConfigurationName = Release;
		};
/* End XCConfigurationList section */
	};
	rootObject = 05197AA9298C4239009B7B1A /* Project object */;
}
